
Microsoft Visual Studio Solution File, Format Version 11.00
# Visual C++ Express 2010
Project("{8BC9CEB8-8B4A-11D0-8D11-00A0C91BC942}") = "Bamtang_1_CIPHER", "Bamtang_1_CIPHER\Bamtang_1_CIPHER.vcxproj", "{D2A7A1EB-3034-4992-B0ED-4CC0A72F7C35}"
EndProject
Global
	GlobalSection(SolutionConfigurationPlatforms) = preSolution
		Debug|Win32 = Debug|Win32
		Release|Win32 = Release|Win32
	EndGlobalSection
	GlobalSection(ProjectConfigurationPlatforms) = postSolution
		{D2A7A1EB-3034-4992-B0ED-4CC0A72F7C35}.Debug|Win32.ActiveCfg = Debug|Win32
		{D2A7A1EB-3034-4992-B0ED-4CC0A72F7C35}.Debug|Win32.Build.0 = Debug|Win32
		{D2A7A1EB-3034-4992-B0ED-4CC0A72F7C35}.Release|Win32.ActiveCfg = Release|Win32
		{D2A7A1EB-3034-4992-B0ED-4CC0A72F7C35}.Release|Win32.Build.0 = Release|Win32
	EndGlobalSection
	GlobalSection(SolutionProperties) = preSolution
		HideSolutionNode = FALSE
	EndGlobalSection
EndGlobal
